
Microsoft Visual Studio Solution File, Format Version 12.00
# Visual Studio Version 16
VisualStudioVersion = 16.0.32228.343
MinimumVisualStudioVersion = 10.0.40219.1
Project("{FAE04EC0-301F-11D3-BF4B-00C04F79EFBC}") = "RemoveNum", "RemoveNum\RemoveNum.csproj", "{5FA07B28-EB20-458E-B3BE-DC6D1751D673}"
EndProject
Project("{FAE04EC0-301F-11D3-BF4B-00C04F79EFBC}") = "RemoveNonPositiveNums", "RemoveNonPositiveNums\RemoveNonPositiveNums.csproj", "{25B4E379-4F8F-4FF5-A246-F711CBF171A6}"
EndProject
Global
	GlobalSection(SolutionConfigurationPlatforms) = preSolution
		Debug|Any CPU = Debug|Any CPU
		Release|Any CPU = Release|Any CPU
	EndGlobalSection
	GlobalSection(ProjectConfigurationPlatforms) = postSolution
		{5FA07B28-EB20-458E-B3BE-DC6D1751D673}.Debug|Any CPU.ActiveCfg = Debug|Any CPU
		{5FA07B28-EB20-458E-B3BE-DC6D1751D673}.Debug|Any CPU.Build.0 = Debug|Any CPU
		{5FA07B28-EB20-458E-B3BE-DC6D1751D673}.Release|Any CPU.ActiveCfg = Release|Any CPU
		{5FA07B28-EB20-458E-B3BE-DC6D1751D673}.Release|Any CPU.Build.0 = Release|Any CPU
		{25B4E379-4F8F-4FF5-A246-F711CBF171A6}.Debug|Any CPU.ActiveCfg = Debug|Any CPU
		{25B4E379-4F8F-4FF5-A246-F711CBF171A6}.Debug|Any CPU.Build.0 = Debug|Any CPU
		{25B4E379-4F8F-4FF5-A246-F711CBF171A6}.Release|Any CPU.ActiveCfg = Release|Any CPU
		{25B4E379-4F8F-4FF5-A246-F711CBF171A6}.Release|Any CPU.Build.0 = Release|Any CPU
	EndGlobalSection
	GlobalSection(SolutionProperties) = preSolution
		HideSolutionNode = FALSE
	EndGlobalSection
	GlobalSection(ExtensibilityGlobals) = postSolution
		SolutionGuid = {F8C85B63-DDDD-416A-8EDA-F083CE44CF26}
	EndGlobalSection
EndGlobal
